
Microsoft Visual Studio Solution File, Format Version 12.00
# Visual Studio 15
VisualStudioVersion = 15.0.26730.16
MinimumVisualStudioVersion = 10.0.40219.1
Project("{FAE04EC0-301F-11D3-BF4B-00C04F79EFBC}") = "HikeShare", "HikeShare\HikeShare.csproj", "{17492FDC-2A51-46FF-8D12-FD1557822C2D}"
EndProject
Global
	GlobalSection(SolutionConfigurationPlatforms) = preSolution
		Debug|Any CPU = Debug|Any CPU
		Release|Any CPU = Release|Any CPU
	EndGlobalSection
	GlobalSection(ProjectConfigurationPlatforms) = postSolution
		{17492FDC-2A51-46FF-8D12-FD1557822C2D}.Debug|Any CPU.ActiveCfg = Debug|Any CPU
		{17492FDC-2A51-46FF-8D12-FD1557822C2D}.Debug|Any CPU.Build.0 = Debug|Any CPU
		{17492FDC-2A51-46FF-8D12-FD1557822C2D}.Release|Any CPU.ActiveCfg = Release|Any CPU
		{17492FDC-2A51-46FF-8D12-FD1557822C2D}.Release|Any CPU.Build.0 = Release|Any CPU
	EndGlobalSection
	GlobalSection(SolutionProperties) = preSolution
		HideSolutionNode = FALSE
	EndGlobalSection
	GlobalSection(ExtensibilityGlobals) = postSolution
		SolutionGuid = {3DB6C615-7C4D-437A-BB3A-CD082D07B7A3}
	EndGlobalSection
EndGlobal
